
Microsoft Visual Studio Solution File, Format Version 12.00
# Visual Studio Version 16
VisualStudioVersion = 16.0.30011.22
MinimumVisualStudioVersion = 10.0.40219.1
Project("{FAE04EC0-301F-11D3-BF4B-00C04F79EFBC}") = "Publisher", "Publisher\Publisher.csproj", "{0FA44812-C5EF-496C-A017-57E8CCDCAF26}"
EndProject
Project("{FAE04EC0-301F-11D3-BF4B-00C04F79EFBC}") = "Consumer", "Consumer\Consumer.csproj", "{252AAA85-5694-445D-8F0D-1C0990111D1D}"
EndProject
Global
	GlobalSection(SolutionConfigurationPlatforms) = preSolution
		Debug|Any CPU = Debug|Any CPU
		Release|Any CPU = Release|Any CPU
	EndGlobalSection
	GlobalSection(ProjectConfigurationPlatforms) = postSolution
		{0FA44812-C5EF-496C-A017-57E8CCDCAF26}.Debug|Any CPU.ActiveCfg = Debug|Any CPU
		{0FA44812-C5EF-496C-A017-57E8CCDCAF26}.Debug|Any CPU.Build.0 = Debug|Any CPU
		{0FA44812-C5EF-496C-A017-57E8CCDCAF26}.Release|Any CPU.ActiveCfg = Release|Any CPU
		{0FA44812-C5EF-496C-A017-57E8CCDCAF26}.Release|Any CPU.Build.0 = Release|Any CPU
		{252AAA85-5694-445D-8F0D-1C0990111D1D}.Debug|Any CPU.ActiveCfg = Debug|Any CPU
		{252AAA85-5694-445D-8F0D-1C0990111D1D}.Debug|Any CPU.Build.0 = Debug|Any CPU
		{252AAA85-5694-445D-8F0D-1C0990111D1D}.Release|Any CPU.ActiveCfg = Release|Any CPU
		{252AAA85-5694-445D-8F0D-1C0990111D1D}.Release|Any CPU.Build.0 = Release|Any CPU
	EndGlobalSection
	GlobalSection(SolutionProperties) = preSolution
		HideSolutionNode = FALSE
	EndGlobalSection
	GlobalSection(ExtensibilityGlobals) = postSolution
		SolutionGuid = {E1C321F5-B3C6-482A-8B5E-8F8884E074D8}
	EndGlobalSection
EndGlobal
