
Microsoft Visual Studio Solution File, Format Version 12.00
# Visual Studio Version 16
VisualStudioVersion = 16.0.30011.22
MinimumVisualStudioVersion = 10.0.40219.1
Project("{9A19103F-16F7-4668-BE54-9A1E7A4F7556}") = "EventBus.Tests", "EventBus.Tests\EventBus.Tests.csproj", "{1607498F-0534-44EB-93FE-91F2FE92B93C}"
EndProject
Project("{2150E333-8FDC-42A3-9474-1A3956D46DE8}") = "Tests", "Tests", "{1B5B354F-83BA-4E79-990E-A0A7511E6071}"
EndProject
Project("{2150E333-8FDC-42A3-9474-1A3956D46DE8}") = "Example", "Example", "{B9788E2E-01DF-46C3-81D9-5049F2412015}"
EndProject
Project("{2150E333-8FDC-42A3-9474-1A3956D46DE8}") = "AzureServiceBus", "AzureServiceBus", "{5FF542E2-B8DB-4CF5-9456-674BB87D595B}"
EndProject
Project("{9A19103F-16F7-4668-BE54-9A1E7A4F7556}") = "DistributedEventBus", "EventBus\EventBus\DistributedEventBus.csproj", "{84F026FB-A584-43C8-B9F4-DE6CAD665067}"
EndProject
Project("{9A19103F-16F7-4668-BE54-9A1E7A4F7556}") = "EventBusServiceBus", "EventBus\EventBusServiceBus\EventBusServiceBus.csproj", "{6451CD63-9675-475F-B476-15672F68D272}"
EndProject
Project("{9A19103F-16F7-4668-BE54-9A1E7A4F7556}") = "EventBusRabbitMQ", "EventBus\EventBusRabbitMQ\EventBusRabbitMQ.csproj", "{7DAC9670-1D05-4248-B8C3-9FCCB32FD10D}"
EndProject
Project("{9A19103F-16F7-4668-BE54-9A1E7A4F7556}") = "Consumer", "Example\AzureServiceBus\Consumer\Consumer.csproj", "{B6DB2A50-9A21-4C9A-BC50-DB84A22868E0}"
EndProject
Project("{9A19103F-16F7-4668-BE54-9A1E7A4F7556}") = "Publisher", "Example\AzureServiceBus\Publisher\Publisher.csproj", "{05153B4E-46A0-44B2-BA52-613873F0629F}"
EndProject
Project("{2150E333-8FDC-42A3-9474-1A3956D46DE8}") = "RabbitMq", "RabbitMq", "{27E1C9D1-85F3-40D0-8A9E-AF31E0F12AB9}"
EndProject
Project("{9A19103F-16F7-4668-BE54-9A1E7A4F7556}") = "RabbitMqConsumer", "Example\RabbitMq\Consumer\RabbitMqConsumer.csproj", "{F1EE90EA-EE4F-4B4C-BBC9-02C41AD00834}"
EndProject
Project("{9A19103F-16F7-4668-BE54-9A1E7A4F7556}") = "RabbitMqPublisher", "Example\RabbitMq\Publisher\RabbitMqPublisher.csproj", "{2A63BF79-165E-4087-8839-D67EDFABCC95}"
EndProject
Global
	GlobalSection(SolutionConfigurationPlatforms) = preSolution
		Debug|Any CPU = Debug|Any CPU
		Release|Any CPU = Release|Any CPU
	EndGlobalSection
	GlobalSection(ProjectConfigurationPlatforms) = postSolution
		{1607498F-0534-44EB-93FE-91F2FE92B93C}.Debug|Any CPU.ActiveCfg = Debug|Any CPU
		{1607498F-0534-44EB-93FE-91F2FE92B93C}.Debug|Any CPU.Build.0 = Debug|Any CPU
		{1607498F-0534-44EB-93FE-91F2FE92B93C}.Release|Any CPU.ActiveCfg = Release|Any CPU
		{1607498F-0534-44EB-93FE-91F2FE92B93C}.Release|Any CPU.Build.0 = Release|Any CPU
		{84F026FB-A584-43C8-B9F4-DE6CAD665067}.Debug|Any CPU.ActiveCfg = Debug|Any CPU
		{84F026FB-A584-43C8-B9F4-DE6CAD665067}.Debug|Any CPU.Build.0 = Debug|Any CPU
		{84F026FB-A584-43C8-B9F4-DE6CAD665067}.Release|Any CPU.ActiveCfg = Release|Any CPU
		{84F026FB-A584-43C8-B9F4-DE6CAD665067}.Release|Any CPU.Build.0 = Release|Any CPU
		{6451CD63-9675-475F-B476-15672F68D272}.Debug|Any CPU.ActiveCfg = Debug|Any CPU
		{6451CD63-9675-475F-B476-15672F68D272}.Debug|Any CPU.Build.0 = Debug|Any CPU
		{6451CD63-9675-475F-B476-15672F68D272}.Release|Any CPU.ActiveCfg = Release|Any CPU
		{6451CD63-9675-475F-B476-15672F68D272}.Release|Any CPU.Build.0 = Release|Any CPU
		{7DAC9670-1D05-4248-B8C3-9FCCB32FD10D}.Debug|Any CPU.ActiveCfg = Debug|Any CPU
		{7DAC9670-1D05-4248-B8C3-9FCCB32FD10D}.Debug|Any CPU.Build.0 = Debug|Any CPU
		{7DAC9670-1D05-4248-B8C3-9FCCB32FD10D}.Release|Any CPU.ActiveCfg = Release|Any CPU
		{7DAC9670-1D05-4248-B8C3-9FCCB32FD10D}.Release|Any CPU.Build.0 = Release|Any CPU
		{B6DB2A50-9A21-4C9A-BC50-DB84A22868E0}.Debug|Any CPU.ActiveCfg = Debug|Any CPU
		{B6DB2A50-9A21-4C9A-BC50-DB84A22868E0}.Debug|Any CPU.Build.0 = Debug|Any CPU
		{B6DB2A50-9A21-4C9A-BC50-DB84A22868E0}.Release|Any CPU.ActiveCfg = Release|Any CPU
		{B6DB2A50-9A21-4C9A-BC50-DB84A22868E0}.Release|Any CPU.Build.0 = Release|Any CPU
		{05153B4E-46A0-44B2-BA52-613873F0629F}.Debug|Any CPU.ActiveCfg = Debug|Any CPU
		{05153B4E-46A0-44B2-BA52-613873F0629F}.Debug|Any CPU.Build.0 = Debug|Any CPU
		{05153B4E-46A0-44B2-BA52-613873F0629F}.Release|Any CPU.ActiveCfg = Release|Any CPU
		{05153B4E-46A0-44B2-BA52-613873F0629F}.Release|Any CPU.Build.0 = Release|Any CPU
		{F1EE90EA-EE4F-4B4C-BBC9-02C41AD00834}.Debug|Any CPU.ActiveCfg = Debug|Any CPU
		{F1EE90EA-EE4F-4B4C-BBC9-02C41AD00834}.Debug|Any CPU.Build.0 = Debug|Any CPU
		{F1EE90EA-EE4F-4B4C-BBC9-02C41AD00834}.Release|Any CPU.ActiveCfg = Release|Any CPU
		{F1EE90EA-EE4F-4B4C-BBC9-02C41AD00834}.Release|Any CPU.Build.0 = Release|Any CPU
		{2A63BF79-165E-4087-8839-D67EDFABCC95}.Debug|Any CPU.ActiveCfg = Debug|Any CPU
		{2A63BF79-165E-4087-8839-D67EDFABCC95}.Debug|Any CPU.Build.0 = Debug|Any CPU
		{2A63BF79-165E-4087-8839-D67EDFABCC95}.Release|Any CPU.ActiveCfg = Release|Any CPU
		{2A63BF79-165E-4087-8839-D67EDFABCC95}.Release|Any CPU.Build.0 = Release|Any CPU
	EndGlobalSection
	GlobalSection(SolutionProperties) = preSolution
		HideSolutionNode = FALSE
	EndGlobalSection
	GlobalSection(NestedProjects) = preSolution
		{1607498F-0534-44EB-93FE-91F2FE92B93C} = {1B5B354F-83BA-4E79-990E-A0A7511E6071}
		{5FF542E2-B8DB-4CF5-9456-674BB87D595B} = {B9788E2E-01DF-46C3-81D9-5049F2412015}
		{B6DB2A50-9A21-4C9A-BC50-DB84A22868E0} = {5FF542E2-B8DB-4CF5-9456-674BB87D595B}
		{05153B4E-46A0-44B2-BA52-613873F0629F} = {5FF542E2-B8DB-4CF5-9456-674BB87D595B}
		{27E1C9D1-85F3-40D0-8A9E-AF31E0F12AB9} = {B9788E2E-01DF-46C3-81D9-5049F2412015}
		{F1EE90EA-EE4F-4B4C-BBC9-02C41AD00834} = {27E1C9D1-85F3-40D0-8A9E-AF31E0F12AB9}
		{2A63BF79-165E-4087-8839-D67EDFABCC95} = {27E1C9D1-85F3-40D0-8A9E-AF31E0F12AB9}
	EndGlobalSection
	GlobalSection(ExtensibilityGlobals) = postSolution
		SolutionGuid = {1A9BD9AF-BC33-4060-9A3E-814252C2BDA4}
	EndGlobalSection
EndGlobal
